
Microsoft Visual Studio Solution File, Format Version 12.00
# Visual Studio 15
VisualStudioVersion = 15.0.28307.645
MinimumVisualStudioVersion = 10.0.40219.1
Project("{FAE04EC0-301F-11D3-BF4B-00C04F79EFBC}") = "She.Api", "She.Api\She.Api.csproj", "{741A038E-2D93-46B0-A9EA-CCCBAF89E51F}"
EndProject
Global
	GlobalSection(SolutionConfigurationPlatforms) = preSolution
		Debug|Any CPU = Debug|Any CPU
		Release|Any CPU = Release|Any CPU
	EndGlobalSection
	GlobalSection(ProjectConfigurationPlatforms) = postSolution
		{741A038E-2D93-46B0-A9EA-CCCBAF89E51F}.Debug|Any CPU.ActiveCfg = Debug|Any CPU
		{741A038E-2D93-46B0-A9EA-CCCBAF89E51F}.Debug|Any CPU.Build.0 = Debug|Any CPU
		{741A038E-2D93-46B0-A9EA-CCCBAF89E51F}.Release|Any CPU.ActiveCfg = Release|Any CPU
		{741A038E-2D93-46B0-A9EA-CCCBAF89E51F}.Release|Any CPU.Build.0 = Release|Any CPU
	EndGlobalSection
	GlobalSection(SolutionProperties) = preSolution
		HideSolutionNode = FALSE
	EndGlobalSection
	GlobalSection(ExtensibilityGlobals) = postSolution
		SolutionGuid = {38B69D07-DAE9-4315-B6F4-CB9D8B5C4BBD}
	EndGlobalSection
EndGlobal
